
Microsoft Visual Studio Solution File, Format Version 12.00
# Visual Studio Version 16
VisualStudioVersion = 16.0.30503.244
MinimumVisualStudioVersion = 10.0.40219.1
Project("{FAE04EC0-301F-11D3-BF4B-00C04F79EFBC}") = "Part1", "Part1\Part1.csproj", "{70FF029E-20EE-4F38-BBE4-82CA03606077}"
EndProject
Project("{FAE04EC0-301F-11D3-BF4B-00C04F79EFBC}") = "Part2", "Part2\Part2.csproj", "{710FC5C6-DAB2-49E5-AFDC-AC53726AE93B}"
EndProject
Global
	GlobalSection(SolutionConfigurationPlatforms) = preSolution
		Debug|Any CPU = Debug|Any CPU
		Release|Any CPU = Release|Any CPU
	EndGlobalSection
	GlobalSection(ProjectConfigurationPlatforms) = postSolution
		{70FF029E-20EE-4F38-BBE4-82CA03606077}.Debug|Any CPU.ActiveCfg = Debug|Any CPU
		{70FF029E-20EE-4F38-BBE4-82CA03606077}.Debug|Any CPU.Build.0 = Debug|Any CPU
		{70FF029E-20EE-4F38-BBE4-82CA03606077}.Release|Any CPU.ActiveCfg = Release|Any CPU
		{70FF029E-20EE-4F38-BBE4-82CA03606077}.Release|Any CPU.Build.0 = Release|Any CPU
		{710FC5C6-DAB2-49E5-AFDC-AC53726AE93B}.Debug|Any CPU.ActiveCfg = Debug|Any CPU
		{710FC5C6-DAB2-49E5-AFDC-AC53726AE93B}.Debug|Any CPU.Build.0 = Debug|Any CPU
		{710FC5C6-DAB2-49E5-AFDC-AC53726AE93B}.Release|Any CPU.ActiveCfg = Release|Any CPU
		{710FC5C6-DAB2-49E5-AFDC-AC53726AE93B}.Release|Any CPU.Build.0 = Release|Any CPU
	EndGlobalSection
	GlobalSection(SolutionProperties) = preSolution
		HideSolutionNode = FALSE
	EndGlobalSection
	GlobalSection(ExtensibilityGlobals) = postSolution
		SolutionGuid = {426B24C0-78F6-47EC-A29C-04F0166B96AD}
	EndGlobalSection
EndGlobal
